
Microsoft Visual Studio Solution File, Format Version 12.00
# Visual Studio Version 16
VisualStudioVersion = 16.0.33423.256
MinimumVisualStudioVersion = 10.0.40219.1
Project("{8BC9CEB8-8B4A-11D0-8D11-00A0C91BC942}") = "Homework 5.16", "Homework 5.16.vcxproj", "{963F2E55-17E5-490D-B5A3-8DE5427C1D39}"
EndProject
Global
	GlobalSection(SolutionConfigurationPlatforms) = preSolution
		Debug|x64 = Debug|x64
		Debug|x86 = Debug|x86
		Release|x64 = Release|x64
		Release|x86 = Release|x86
	EndGlobalSection
	GlobalSection(ProjectConfigurationPlatforms) = postSolution
		{963F2E55-17E5-490D-B5A3-8DE5427C1D39}.Debug|x64.ActiveCfg = Debug|x64
		{963F2E55-17E5-490D-B5A3-8DE5427C1D39}.Debug|x64.Build.0 = Debug|x64
		{963F2E55-17E5-490D-B5A3-8DE5427C1D39}.Debug|x86.ActiveCfg = Debug|Win32
		{963F2E55-17E5-490D-B5A3-8DE5427C1D39}.Debug|x86.Build.0 = Debug|Win32
		{963F2E55-17E5-490D-B5A3-8DE5427C1D39}.Release|x64.ActiveCfg = Release|x64
		{963F2E55-17E5-490D-B5A3-8DE5427C1D39}.Release|x64.Build.0 = Release|x64
		{963F2E55-17E5-490D-B5A3-8DE5427C1D39}.Release|x86.ActiveCfg = Release|Win32
		{963F2E55-17E5-490D-B5A3-8DE5427C1D39}.Release|x86.Build.0 = Release|Win32
	EndGlobalSection
	GlobalSection(SolutionProperties) = preSolution
		HideSolutionNode = FALSE
	EndGlobalSection
	GlobalSection(ExtensibilityGlobals) = postSolution
		SolutionGuid = {832E5F99-2563-456B-834C-D86A4DD16AC3}
	EndGlobalSection
EndGlobal
