
Microsoft Visual Studio Solution File, Format Version 12.00
# Visual Studio Version 16
VisualStudioVersion = 16.0.33423.256
MinimumVisualStudioVersion = 10.0.40219.1
Project("{8BC9CEB8-8B4A-11D0-8D11-00A0C91BC942}") = "5.22homework", "5.22homework.vcxproj", "{809A0859-D3B4-4A58-89B4-F42870A70CEF}"
EndProject
Global
	GlobalSection(SolutionConfigurationPlatforms) = preSolution
		Debug|x64 = Debug|x64
		Debug|x86 = Debug|x86
		Release|x64 = Release|x64
		Release|x86 = Release|x86
	EndGlobalSection
	GlobalSection(ProjectConfigurationPlatforms) = postSolution
		{809A0859-D3B4-4A58-89B4-F42870A70CEF}.Debug|x64.ActiveCfg = Debug|x64
		{809A0859-D3B4-4A58-89B4-F42870A70CEF}.Debug|x64.Build.0 = Debug|x64
		{809A0859-D3B4-4A58-89B4-F42870A70CEF}.Debug|x86.ActiveCfg = Debug|Win32
		{809A0859-D3B4-4A58-89B4-F42870A70CEF}.Debug|x86.Build.0 = Debug|Win32
		{809A0859-D3B4-4A58-89B4-F42870A70CEF}.Release|x64.ActiveCfg = Release|x64
		{809A0859-D3B4-4A58-89B4-F42870A70CEF}.Release|x64.Build.0 = Release|x64
		{809A0859-D3B4-4A58-89B4-F42870A70CEF}.Release|x86.ActiveCfg = Release|Win32
		{809A0859-D3B4-4A58-89B4-F42870A70CEF}.Release|x86.Build.0 = Release|Win32
	EndGlobalSection
	GlobalSection(SolutionProperties) = preSolution
		HideSolutionNode = FALSE
	EndGlobalSection
	GlobalSection(ExtensibilityGlobals) = postSolution
		SolutionGuid = {02DDACC3-B9C6-45EB-BD6B-62CB24AC3B9F}
	EndGlobalSection
EndGlobal
