
Microsoft Visual Studio Solution File, Format Version 12.00
# Visual Studio Version 16
VisualStudioVersion = 16.0.33423.256
MinimumVisualStudioVersion = 10.0.40219.1
Project("{8BC9CEB8-8B4A-11D0-8D11-00A0C91BC942}") = "Three pieces of chess", "Three pieces of chess.vcxproj", "{47F1E465-E369-4B11-B651-BF47DE26D12C}"
EndProject
Global
	GlobalSection(SolutionConfigurationPlatforms) = preSolution
		Debug|x64 = Debug|x64
		Debug|x86 = Debug|x86
		Release|x64 = Release|x64
		Release|x86 = Release|x86
	EndGlobalSection
	GlobalSection(ProjectConfigurationPlatforms) = postSolution
		{47F1E465-E369-4B11-B651-BF47DE26D12C}.Debug|x64.ActiveCfg = Debug|x64
		{47F1E465-E369-4B11-B651-BF47DE26D12C}.Debug|x64.Build.0 = Debug|x64
		{47F1E465-E369-4B11-B651-BF47DE26D12C}.Debug|x86.ActiveCfg = Debug|Win32
		{47F1E465-E369-4B11-B651-BF47DE26D12C}.Debug|x86.Build.0 = Debug|Win32
		{47F1E465-E369-4B11-B651-BF47DE26D12C}.Release|x64.ActiveCfg = Release|x64
		{47F1E465-E369-4B11-B651-BF47DE26D12C}.Release|x64.Build.0 = Release|x64
		{47F1E465-E369-4B11-B651-BF47DE26D12C}.Release|x86.ActiveCfg = Release|Win32
		{47F1E465-E369-4B11-B651-BF47DE26D12C}.Release|x86.Build.0 = Release|Win32
	EndGlobalSection
	GlobalSection(SolutionProperties) = preSolution
		HideSolutionNode = FALSE
	EndGlobalSection
	GlobalSection(ExtensibilityGlobals) = postSolution
		SolutionGuid = {22D04577-6521-43E6-8984-6803DE58CE3B}
	EndGlobalSection
EndGlobal
